
Microsoft Visual Studio Solution File, Format Version 12.00
# Visual Studio Version 16
VisualStudioVersion = 16.0.31005.135
MinimumVisualStudioVersion = 10.0.40219.1
Project("{FAE04EC0-301F-11D3-BF4B-00C04F79EFBC}") = "ImaToVi", "ImaToVi\ImaToVi.csproj", "{AF86D93E-52C1-414F-B006-6B4B7B1E1809}"
EndProject
Global
	GlobalSection(SolutionConfigurationPlatforms) = preSolution
		Debug|Any CPU = Debug|Any CPU
		Release|Any CPU = Release|Any CPU
	EndGlobalSection
	GlobalSection(ProjectConfigurationPlatforms) = postSolution
		{AF86D93E-52C1-414F-B006-6B4B7B1E1809}.Debug|Any CPU.ActiveCfg = Debug|Any CPU
		{AF86D93E-52C1-414F-B006-6B4B7B1E1809}.Debug|Any CPU.Build.0 = Debug|Any CPU
		{AF86D93E-52C1-414F-B006-6B4B7B1E1809}.Release|Any CPU.ActiveCfg = Release|Any CPU
		{AF86D93E-52C1-414F-B006-6B4B7B1E1809}.Release|Any CPU.Build.0 = Release|Any CPU
	EndGlobalSection
	GlobalSection(SolutionProperties) = preSolution
		HideSolutionNode = FALSE
	EndGlobalSection
	GlobalSection(ExtensibilityGlobals) = postSolution
		SolutionGuid = {7A3CE84F-0A04-444D-963C-187441F20253}
	EndGlobalSection
EndGlobal
